
Microsoft Visual Studio Solution File, Format Version 12.00
# Visual Studio Version 16
VisualStudioVersion = 16.0.29911.84
MinimumVisualStudioVersion = 10.0.40219.1
Project("{FAE04EC0-301F-11D3-BF4B-00C04F79EFBC}") = "1445", "1445\1445.csproj", "{A9608198-6EA4-4CDF-8492-E3D1C1FF625E}"
EndProject
Global
	GlobalSection(SolutionConfigurationPlatforms) = preSolution
		Debug|Any CPU = Debug|Any CPU
		Release|Any CPU = Release|Any CPU
	EndGlobalSection
	GlobalSection(ProjectConfigurationPlatforms) = postSolution
		{A9608198-6EA4-4CDF-8492-E3D1C1FF625E}.Debug|Any CPU.ActiveCfg = Debug|Any CPU
		{A9608198-6EA4-4CDF-8492-E3D1C1FF625E}.Debug|Any CPU.Build.0 = Debug|Any CPU
		{A9608198-6EA4-4CDF-8492-E3D1C1FF625E}.Release|Any CPU.ActiveCfg = Release|Any CPU
		{A9608198-6EA4-4CDF-8492-E3D1C1FF625E}.Release|Any CPU.Build.0 = Release|Any CPU
	EndGlobalSection
	GlobalSection(SolutionProperties) = preSolution
		HideSolutionNode = FALSE
	EndGlobalSection
	GlobalSection(ExtensibilityGlobals) = postSolution
		SolutionGuid = {401FBE15-AC5F-48FA-82BE-74EFD49D7E33}
	EndGlobalSection
EndGlobal
